# THIS IS AN AUTOGENERATED FILE. DO NOT EDIT THIS FILE DIRECTLY.
# yarn lockfile v1


"@prettier/plugin-ruby@2.1.0":
  version "2.1.0"
  resolved "https://registry.yarnpkg.com/@prettier/plugin-ruby/-/plugin-ruby-2.1.0.tgz#2df48c1c004fc9dec18a72f441d43d54137b25a6"
  integrity sha512-lAoYFoDnwlxM3jl+dS7yrmxD49d3nbKFTBuhHx3VTPoAwmOOKOIO4nRJTTBWF+rS7KUAVn2XPLwRR0Obh/KW6A==
  dependencies:
    prettier ">=2.3.0"

prettier@>=2.3.0, prettier@^2.4.1:
  version "2.4.1"
  resolved "https://registry.yarnpkg.com/prettier/-/prettier-2.4.1.tgz#671e11c89c14a4cfc876ce564106c4a6726c9f5c"
  integrity sha512-9fbDAXSBcc6Bs1mZrDYb3XKzDLm4EXXL9sC1LqKP5rZkT6KRr/rf9amVUcODVXgguK/isJz0d0hP72WeaKWsvA==
