# THIS IS AN AUTOGENERATED FILE. DO NOT EDIT THIS FILE DIRECTLY.
# yarn lockfile v1


"@prettier/plugin-ruby@2.0.0-rc4":
  version "2.0.0-rc4"
  resolved "https://registry.yarnpkg.com/@prettier/plugin-ruby/-/plugin-ruby-2.0.0-rc4.tgz#cab19715568d89d79209c73cd6306c3d64d12eb7"
  integrity sha512-QaepRBf5+Y4/x6Qcb189Xy2QLxmP7NHu9cMJXGO8dHpuZdjPwym7lFY+5dBwRSNOULKv7T+gzWOkRZq7TnoPaw==
  dependencies:
    prettier ">=2.3.0"

prettier@2.4.1, prettier@>=2.3.0:
  version "2.4.1"
  resolved "https://registry.yarnpkg.com/prettier/-/prettier-2.4.1.tgz#671e11c89c14a4cfc876ce564106c4a6726c9f5c"
  integrity sha512-9fbDAXSBcc6Bs1mZrDYb3XKzDLm4EXXL9sC1LqKP5rZkT6KRr/rf9amVUcODVXgguK/isJz0d0hP72WeaKWsvA==
